// !$*UTF8*$!
{
	archiveVersion = 1;
	classes = {
	};
	objectVersion = 46;
	objects = {

/* Begin PBXBuildFile section */
		C9ABB91B19AC6C76009FBA83 /* main.cpp in Sources */ = {isa = PBXBuildFile; fileRef = C9ABB91A19AC6C76009FBA83 /* main.cpp */; };
/* End PBXBuildFile section */

/* Begin PBXCopyFilesBuildPhase section */
		C9ABB90C19AC6B6A009FBA83 /* CopyFiles */ = {
			isa = PBXCopyFilesBuildPhase;
			buildActionMask = 2147483647;
			dstPath = /usr/share/man/man1/;
			dstSubfolderSpec = 0;
			files = (
			);
			runOnlyForDeploymentPostprocessing = 1;
		};
/* End PBXCopyFilesBuildPhase section */

/* Begin PBXFileReference section */
		C920055119FE68FC0077099B /* meta.h */ = {isa = PBXFileReference; lastKnownFileType = sourcecode.c.h; name = meta.h; path = utils/meta.h; sourceTree = "<group>"; };
		C946218E19FFC5480024FA6F /* string_view */ = {isa = PBXFileReference; lastKnownFileType = text; name = string_view; path = experimental/string_view; sourceTree = "<group>"; };
		C946218F19FFDA150024FA6F /* array_view */ = {isa = PBXFileReference; lastKnownFileType = text; name = array_view; path = experimental/array_view; sourceTree = "<group>"; };
		C946B7BA1A522ABB00A4C8B0 /* support.h */ = {isa = PBXFileReference; lastKnownFileType = sourcecode.c.h; name = support.h; path = include/utils/support.h; sourceTree = SOURCE_ROOT; };
		C97920AE1A55A26900A50546 /* string_switch.h */ = {isa = PBXFileReference; lastKnownFileType = sourcecode.c.h; name = string_switch.h; path = utils/string_switch.h; sourceTree = "<group>"; };
		C9AAE77E1A4DBCF80004C6EC /* invoke.h */ = {isa = PBXFileReference; lastKnownFileType = sourcecode.c.h; name = invoke.h; path = utils/invoke.h; sourceTree = "<group>"; };
		C9ABB90E19AC6B6A009FBA83 /* cpputils */ = {isa = PBXFileReference; explicitFileType = "compiled.mach-o.executable"; includeInIndex = 0; path = cpputils; sourceTree = BUILT_PRODUCTS_DIR; };
		C9ABB91A19AC6C76009FBA83 /* main.cpp */ = {isa = PBXFileReference; fileEncoding = 4; lastKnownFileType = sourcecode.cpp.cpp; name = main.cpp; path = test/main.cpp; sourceTree = SOURCE_ROOT; };
		C9ABB91D19AC6C96009FBA83 /* has_member.h */ = {isa = PBXFileReference; lastKnownFileType = sourcecode.c.h; name = has_member.h; path = utils/has_member.h; sourceTree = "<group>"; };
		C9ABB91F19AC80E3009FBA83 /* TODO.md */ = {isa = PBXFileReference; fileEncoding = 4; lastKnownFileType = text; path = TODO.md; sourceTree = "<group>"; };
		C9AD92871A45C95300736AF9 /* array */ = {isa = PBXFileReference; fileEncoding = 4; lastKnownFileType = text; path = array; sourceTree = "<group>"; };
		C9B693711A500E1700A99088 /* raw_ptr.h */ = {isa = PBXFileReference; lastKnownFileType = sourcecode.c.h; name = raw_ptr.h; path = utils/raw_ptr.h; sourceTree = "<group>"; };
		C9E1D7E619B3203F0058E4C4 /* memory */ = {isa = PBXFileReference; fileEncoding = 4; lastKnownFileType = text; path = memory; sourceTree = "<group>"; };
		C9E1D7E719B3203F0058E4C4 /* type_traits */ = {isa = PBXFileReference; fileEncoding = 4; lastKnownFileType = text; path = type_traits; sourceTree = "<group>"; };
		C9E1D7E819B3203F0058E4C4 /* utility */ = {isa = PBXFileReference; fileEncoding = 4; lastKnownFileType = text; path = utility; sourceTree = "<group>"; };
		C9E1D7E919B321510058E4C4 /* LICENSE */ = {isa = PBXFileReference; fileEncoding = 4; lastKnownFileType = text; path = LICENSE; sourceTree = "<group>"; };
		C9E1D7EA19B321510058E4C4 /* README.md */ = {isa = PBXFileReference; fileEncoding = 4; lastKnownFileType = text; path = README.md; sourceTree = "<group>"; };
/* End PBXFileReference section */

/* Begin PBXFrameworksBuildPhase section */
		C9ABB90B19AC6B6A009FBA83 /* Frameworks */ = {
			isa = PBXFrameworksBuildPhase;
			buildActionMask = 2147483647;
			files = (
			);
			runOnlyForDeploymentPostprocessing = 0;
		};
/* End PBXFrameworksBuildPhase section */

/* Begin PBXGroup section */
		C9490AB21A542E90006032E8 /* utils */ = {
			isa = PBXGroup;
			children = (
				C946B7BA1A522ABB00A4C8B0 /* support.h */,
				C9ABB91D19AC6C96009FBA83 /* has_member.h */,
				C920055119FE68FC0077099B /* meta.h */,
				C9AAE77E1A4DBCF80004C6EC /* invoke.h */,
				C9B693711A500E1700A99088 /* raw_ptr.h */,
				C97920AE1A55A26900A50546 /* string_switch.h */,
			);
			name = utils;
			sourceTree = "<group>";
		};
		C967FDC41A4C353C00CCB618 /* experimental */ = {
			isa = PBXGroup;
			children = (
				C946218F19FFDA150024FA6F /* array_view */,
				C946218E19FFC5480024FA6F /* string_view */,
			);
			name = experimental;
			sourceTree = "<group>";
		};
		C9ABB90519AC6B69009FBA83 = {
			isa = PBXGroup;
			children = (
				C9E1D7E919B321510058E4C4 /* LICENSE */,
				C9E1D7EA19B321510058E4C4 /* README.md */,
				C9ABB91F19AC80E3009FBA83 /* TODO.md */,
				C9ABB91C19AC6C85009FBA83 /* include */,
				C9ABB91019AC6B6A009FBA83 /* test */,
				C9ABB90F19AC6B6A009FBA83 /* Products */,
			);
			sourceTree = "<group>";
		};
		C9ABB90F19AC6B6A009FBA83 /* Products */ = {
			isa = PBXGroup;
			children = (
				C9ABB90E19AC6B6A009FBA83 /* cpputils */,
			);
			name = Products;
			sourceTree = "<group>";
		};
		C9ABB91019AC6B6A009FBA83 /* test */ = {
			isa = PBXGroup;
			children = (
				C9ABB91A19AC6C76009FBA83 /* main.cpp */,
			);
			name = test;
			path = cpputils;
			sourceTree = "<group>";
		};
		C9ABB91C19AC6C85009FBA83 /* include */ = {
			isa = PBXGroup;
			children = (
				C9E1D7E519B3203F0058E4C4 /* std14 */,
				C9490AB21A542E90006032E8 /* utils */,
			);
			path = include;
			sourceTree = SOURCE_ROOT;
		};
		C9E1D7E519B3203F0058E4C4 /* std14 */ = {
			isa = PBXGroup;
			children = (
				C9AD92871A45C95300736AF9 /* array */,
				C9E1D7E619B3203F0058E4C4 /* memory */,
				C9E1D7E719B3203F0058E4C4 /* type_traits */,
				C9E1D7E819B3203F0058E4C4 /* utility */,
				C967FDC41A4C353C00CCB618 /* experimental */,
			);
			path = std14;
			sourceTree = "<group>";
		};
/* End PBXGroup section */

/* Begin PBXNativeTarget section */
		C9ABB90D19AC6B6A009FBA83 /* cpputils */ = {
			isa = PBXNativeTarget;
			buildConfigurationList = C9ABB91719AC6B6A009FBA83 /* Build configuration list for PBXNativeTarget "cpputils" */;
			buildPhases = (
				C9ABB90A19AC6B6A009FBA83 /* Sources */,
				C9ABB90B19AC6B6A009FBA83 /* Frameworks */,
				C9ABB90C19AC6B6A009FBA83 /* CopyFiles */,
			);
			buildRules = (
			);
			dependencies = (
			);
			name = cpputils;
			productName = cpputils;
			productReference = C9ABB90E19AC6B6A009FBA83 /* cpputils */;
			productType = "com.apple.product-type.tool";
		};
/* End PBXNativeTarget section */

/* Begin PBXProject section */
		C9ABB90619AC6B69009FBA83 /* Project object */ = {
			isa = PBXProject;
			attributes = {
				LastUpgradeCheck = 0510;
				ORGANIZATIONNAME = "Nicola Gigante";
			};
			buildConfigurationList = C9ABB90919AC6B69009FBA83 /* Build configuration list for PBXProject "cpputils" */;
			compatibilityVersion = "Xcode 3.2";
			developmentRegion = English;
			hasScannedForEncodings = 0;
			knownRegions = (
				en,
			);
			mainGroup = C9ABB90519AC6B69009FBA83;
			productRefGroup = C9ABB90F19AC6B6A009FBA83 /* Products */;
			projectDirPath = "";
			projectRoot = "";
			targets = (
				C9ABB90D19AC6B6A009FBA83 /* cpputils */,
			);
		};
/* End PBXProject section */

/* Begin PBXSourcesBuildPhase section */
		C9ABB90A19AC6B6A009FBA83 /* Sources */ = {
			isa = PBXSourcesBuildPhase;
			buildActionMask = 2147483647;
			files = (
				C9ABB91B19AC6C76009FBA83 /* main.cpp in Sources */,
			);
			runOnlyForDeploymentPostprocessing = 0;
		};
/* End PBXSourcesBuildPhase section */

/* Begin XCBuildConfiguration section */
		C9ABB91519AC6B6A009FBA83 /* Debug */ = {
			isa = XCBuildConfiguration;
			buildSettings = {
				ALWAYS_SEARCH_USER_PATHS = NO;
				CLANG_CXX_LANGUAGE_STANDARD = "c++0x";
				CLANG_CXX_LIBRARY = "libc++";
				CLANG_ENABLE_MODULES = YES;
				CLANG_ENABLE_OBJC_ARC = YES;
				CLANG_WARN_BOOL_CONVERSION = YES;
				CLANG_WARN_CONSTANT_CONVERSION = YES;
				CLANG_WARN_DIRECT_OBJC_ISA_USAGE = YES_ERROR;
				CLANG_WARN_EMPTY_BODY = YES;
				CLANG_WARN_ENUM_CONVERSION = YES;
				CLANG_WARN_INT_CONVERSION = YES;
				CLANG_WARN_OBJC_ROOT_CLASS = YES_ERROR;
				CLANG_WARN__DUPLICATE_METHOD_MATCH = YES;
				COPY_PHASE_STRIP = NO;
				GCC_C_LANGUAGE_STANDARD = gnu99;
				GCC_DYNAMIC_NO_PIC = NO;
				GCC_ENABLE_OBJC_EXCEPTIONS = YES;
				GCC_OPTIMIZATION_LEVEL = 0;
				GCC_PREPROCESSOR_DEFINITIONS = (
					"DEBUG=1",
					"$(inherited)",
				);
				GCC_SYMBOLS_PRIVATE_EXTERN = NO;
				GCC_WARN_64_TO_32_BIT_CONVERSION = YES;
				GCC_WARN_ABOUT_RETURN_TYPE = YES_ERROR;
				GCC_WARN_UNDECLARED_SELECTOR = YES;
				GCC_WARN_UNINITIALIZED_AUTOS = YES_AGGRESSIVE;
				GCC_WARN_UNUSED_FUNCTION = YES;
				GCC_WARN_UNUSED_VARIABLE = YES;
				HEADER_SEARCH_PATHS = (
					"$(inherited)",
					/Applications/Xcode.app/Contents/Developer/Toolchains/XcodeDefault.xctoolchain/usr/include,
					"$(SRCROOT)/include",
				);
				MACOSX_DEPLOYMENT_TARGET = 10.9;
				ONLY_ACTIVE_ARCH = YES;
				OTHER_CPLUSPLUSFLAGS = "$(OTHER_CFLAGS)";
				SDKROOT = macosx;
				WARNING_CFLAGS = (
					"-Weverything",
					"-Wno-c++98-compat",
					"-Wno-c++98-compat-pedantic",
				);
			};
			name = Debug;
		};
		C9ABB91619AC6B6A009FBA83 /* Release */ = {
			isa = XCBuildConfiguration;
			buildSettings = {
				ALWAYS_SEARCH_USER_PATHS = NO;
				CLANG_CXX_LANGUAGE_STANDARD = "c++0x";
				CLANG_CXX_LIBRARY = "libc++";
				CLANG_ENABLE_MODULES = YES;
				CLANG_ENABLE_OBJC_ARC = YES;
				CLANG_WARN_BOOL_CONVERSION = YES;
				CLANG_WARN_CONSTANT_CONVERSION = YES;
				CLANG_WARN_DIRECT_OBJC_ISA_USAGE = YES_ERROR;
				CLANG_WARN_EMPTY_BODY = YES;
				CLANG_WARN_ENUM_CONVERSION = YES;
				CLANG_WARN_INT_CONVERSION = YES;
				CLANG_WARN_OBJC_ROOT_CLASS = YES_ERROR;
				CLANG_WARN__DUPLICATE_METHOD_MATCH = YES;
				COPY_PHASE_STRIP = YES;
				DEBUG_INFORMATION_FORMAT = "dwarf-with-dsym";
				ENABLE_NS_ASSERTIONS = NO;
				GCC_C_LANGUAGE_STANDARD = gnu99;
				GCC_ENABLE_OBJC_EXCEPTIONS = YES;
				GCC_OPTIMIZATION_LEVEL = fast;
				GCC_PREPROCESSOR_DEFINITIONS = NDEBUG;
				GCC_WARN_64_TO_32_BIT_CONVERSION = YES;
				GCC_WARN_ABOUT_RETURN_TYPE = YES_ERROR;
				GCC_WARN_UNDECLARED_SELECTOR = YES;
				GCC_WARN_UNINITIALIZED_AUTOS = YES_AGGRESSIVE;
				GCC_WARN_UNUSED_FUNCTION = YES;
				GCC_WARN_UNUSED_VARIABLE = YES;
				HEADER_SEARCH_PATHS = (
					"$(inherited)",
					/Applications/Xcode.app/Contents/Developer/Toolchains/XcodeDefault.xctoolchain/usr/include,
					"$(SRCROOT)/include",
				);
				MACOSX_DEPLOYMENT_TARGET = 10.9;
				OTHER_CPLUSPLUSFLAGS = "$(OTHER_CFLAGS)";
				SDKROOT = macosx;
				WARNING_CFLAGS = (
					"-Weverything",
					"-Wno-c++98-compat",
					"-Wno-c++98-compat-pedantic",
				);
			};
			name = Release;
		};
		C9ABB91819AC6B6A009FBA83 /* Debug */ = {
			isa = XCBuildConfiguration;
			buildSettings = {
				PRODUCT_NAME = "$(TARGET_NAME)";
				USER_HEADER_SEARCH_PATHS = "$(SRCROOT)/include";
			};
			name = Debug;
		};
		C9ABB91919AC6B6A009FBA83 /* Release */ = {
			isa = XCBuildConfiguration;
			buildSettings = {
				PRODUCT_NAME = "$(TARGET_NAME)";
				USER_HEADER_SEARCH_PATHS = "$(SRCROOT)/include";
			};
			name = Release;
		};
/* End XCBuildConfiguration section */

/* Begin XCConfigurationList section */
		C9ABB90919AC6B69009FBA83 /* Build configuration list for PBXProject "cpputils" */ = {
			isa = XCConfigurationList;
			buildConfigurations = (
				C9ABB91519AC6B6A009FBA83 /* Debug */,
				C9ABB91619AC6B6A009FBA83 /* Release */,
			);
			defaultConfigurationIsVisible = 0;
			defaultConfigurationName = Release;
		};
		C9ABB91719AC6B6A009FBA83 /* Build configuration list for PBXNativeTarget "cpputils" */ = {
			isa = XCConfigurationList;
			buildConfigurations = (
				C9ABB91819AC6B6A009FBA83 /* Debug */,
				C9ABB91919AC6B6A009FBA83 /* Release */,
			);
			defaultConfigurationIsVisible = 0;
			defaultConfigurationName = Release;
		};
/* End XCConfigurationList section */
	};
	rootObject = C9ABB90619AC6B69009FBA83 /* Project object */;
}
